
Microsoft Visual Studio Solution File, Format Version 12.00
# Visual Studio Version 16
VisualStudioVersion = 16.0.29409.12
MinimumVisualStudioVersion = 10.0.40219.1
Project("{FAE04EC0-301F-11D3-BF4B-00C04F79EFBC}") = "19.10.2019", "19.10.2019\19.10.2019.csproj", "{D0EEC7B7-65BB-4F8F-99E5-00772751211D}"
EndProject
Global
	GlobalSection(SolutionConfigurationPlatforms) = preSolution
		Debug|Any CPU = Debug|Any CPU
		Release|Any CPU = Release|Any CPU
	EndGlobalSection
	GlobalSection(ProjectConfigurationPlatforms) = postSolution
		{D0EEC7B7-65BB-4F8F-99E5-00772751211D}.Debug|Any CPU.ActiveCfg = Debug|Any CPU
		{D0EEC7B7-65BB-4F8F-99E5-00772751211D}.Debug|Any CPU.Build.0 = Debug|Any CPU
		{D0EEC7B7-65BB-4F8F-99E5-00772751211D}.Release|Any CPU.ActiveCfg = Release|Any CPU
		{D0EEC7B7-65BB-4F8F-99E5-00772751211D}.Release|Any CPU.Build.0 = Release|Any CPU
	EndGlobalSection
	GlobalSection(SolutionProperties) = preSolution
		HideSolutionNode = FALSE
	EndGlobalSection
	GlobalSection(ExtensibilityGlobals) = postSolution
		SolutionGuid = {094B8333-934A-4D49-B438-E88FD79FEA03}
	EndGlobalSection
EndGlobal
