
Microsoft Visual Studio Solution File, Format Version 12.00
# Visual Studio Version 16
VisualStudioVersion = 16.0.29230.47
MinimumVisualStudioVersion = 10.0.40219.1
Project("{FAE04EC0-301F-11D3-BF4B-00C04F79EFBC}") = "22.09.2019", "22.09.2019\22.09.2019.csproj", "{DDDE612A-504A-4A11-AB29-4EA601C50F1F}"
EndProject
Global
	GlobalSection(SolutionConfigurationPlatforms) = preSolution
		Debug|Any CPU = Debug|Any CPU
		Release|Any CPU = Release|Any CPU
	EndGlobalSection
	GlobalSection(ProjectConfigurationPlatforms) = postSolution
		{DDDE612A-504A-4A11-AB29-4EA601C50F1F}.Debug|Any CPU.ActiveCfg = Debug|Any CPU
		{DDDE612A-504A-4A11-AB29-4EA601C50F1F}.Debug|Any CPU.Build.0 = Debug|Any CPU
		{DDDE612A-504A-4A11-AB29-4EA601C50F1F}.Release|Any CPU.ActiveCfg = Release|Any CPU
		{DDDE612A-504A-4A11-AB29-4EA601C50F1F}.Release|Any CPU.Build.0 = Release|Any CPU
	EndGlobalSection
	GlobalSection(SolutionProperties) = preSolution
		HideSolutionNode = FALSE
	EndGlobalSection
	GlobalSection(ExtensibilityGlobals) = postSolution
		SolutionGuid = {7A423B98-97E1-40DC-A616-1FEC74CE3319}
	EndGlobalSection
EndGlobal
