
Microsoft Visual Studio Solution File, Format Version 12.00
# Visual Studio Version 16
VisualStudioVersion = 16.0.29230.47
MinimumVisualStudioVersion = 10.0.40219.1
Project("{FAE04EC0-301F-11D3-BF4B-00C04F79EFBC}") = "19.09.2019", "19.09.2019\19.09.2019.csproj", "{C229E51C-77E3-4E86-A29B-33C19576C33E}"
EndProject
Global
	GlobalSection(SolutionConfigurationPlatforms) = preSolution
		Debug|Any CPU = Debug|Any CPU
		Release|Any CPU = Release|Any CPU
	EndGlobalSection
	GlobalSection(ProjectConfigurationPlatforms) = postSolution
		{C229E51C-77E3-4E86-A29B-33C19576C33E}.Debug|Any CPU.ActiveCfg = Debug|Any CPU
		{C229E51C-77E3-4E86-A29B-33C19576C33E}.Debug|Any CPU.Build.0 = Debug|Any CPU
		{C229E51C-77E3-4E86-A29B-33C19576C33E}.Release|Any CPU.ActiveCfg = Release|Any CPU
		{C229E51C-77E3-4E86-A29B-33C19576C33E}.Release|Any CPU.Build.0 = Release|Any CPU
	EndGlobalSection
	GlobalSection(SolutionProperties) = preSolution
		HideSolutionNode = FALSE
	EndGlobalSection
	GlobalSection(ExtensibilityGlobals) = postSolution
		SolutionGuid = {2EB93F50-1FC7-44AA-9936-1CCE43489617}
	EndGlobalSection
EndGlobal
