
Microsoft Visual Studio Solution File, Format Version 12.00
# Visual Studio Version 16
VisualStudioVersion = 16.0.29230.47
MinimumVisualStudioVersion = 10.0.40219.1
Project("{FAE04EC0-301F-11D3-BF4B-00C04F79EFBC}") = "17.09.2019", "17.09.2019\17.09.2019.csproj", "{62637A71-C719-4C0C-AE8C-A7BE2BAB251D}"
EndProject
Global
	GlobalSection(SolutionConfigurationPlatforms) = preSolution
		Debug|Any CPU = Debug|Any CPU
		Release|Any CPU = Release|Any CPU
	EndGlobalSection
	GlobalSection(ProjectConfigurationPlatforms) = postSolution
		{62637A71-C719-4C0C-AE8C-A7BE2BAB251D}.Debug|Any CPU.ActiveCfg = Debug|Any CPU
		{62637A71-C719-4C0C-AE8C-A7BE2BAB251D}.Debug|Any CPU.Build.0 = Debug|Any CPU
		{62637A71-C719-4C0C-AE8C-A7BE2BAB251D}.Release|Any CPU.ActiveCfg = Release|Any CPU
		{62637A71-C719-4C0C-AE8C-A7BE2BAB251D}.Release|Any CPU.Build.0 = Release|Any CPU
	EndGlobalSection
	GlobalSection(SolutionProperties) = preSolution
		HideSolutionNode = FALSE
	EndGlobalSection
	GlobalSection(ExtensibilityGlobals) = postSolution
		SolutionGuid = {5FD8AE9C-468D-4186-BF7D-D8ECF21773B5}
	EndGlobalSection
EndGlobal
