
Microsoft Visual Studio Solution File, Format Version 12.00
# Visual Studio 15
VisualStudioVersion = 15.0.28010.2036
MinimumVisualStudioVersion = 10.0.40219.1
Project("{FAE04EC0-301F-11D3-BF4B-00C04F79EFBC}") = "05.09.2019", "05.09.2019\05.09.2019.csproj", "{B323E470-B55D-46BD-B120-E7BC57146D90}"
EndProject
Global
	GlobalSection(SolutionConfigurationPlatforms) = preSolution
		Debug|Any CPU = Debug|Any CPU
		Release|Any CPU = Release|Any CPU
	EndGlobalSection
	GlobalSection(ProjectConfigurationPlatforms) = postSolution
		{B323E470-B55D-46BD-B120-E7BC57146D90}.Debug|Any CPU.ActiveCfg = Debug|Any CPU
		{B323E470-B55D-46BD-B120-E7BC57146D90}.Debug|Any CPU.Build.0 = Debug|Any CPU
		{B323E470-B55D-46BD-B120-E7BC57146D90}.Release|Any CPU.ActiveCfg = Release|Any CPU
		{B323E470-B55D-46BD-B120-E7BC57146D90}.Release|Any CPU.Build.0 = Release|Any CPU
	EndGlobalSection
	GlobalSection(SolutionProperties) = preSolution
		HideSolutionNode = FALSE
	EndGlobalSection
	GlobalSection(ExtensibilityGlobals) = postSolution
		SolutionGuid = {1BBF51DD-7272-4F1A-A144-F04D8ABDD379}
	EndGlobalSection
EndGlobal
