
Microsoft Visual Studio Solution File, Format Version 12.00
# Visual Studio Version 16
VisualStudioVersion = 16.0.29230.47
MinimumVisualStudioVersion = 10.0.40219.1
Project("{FAE04EC0-301F-11D3-BF4B-00C04F79EFBC}") = "07.10.2019", "07.10.2019\07.10.2019.csproj", "{03AF6FCA-1CE5-4E4D-9281-6E328F3A7538}"
EndProject
Global
	GlobalSection(SolutionConfigurationPlatforms) = preSolution
		Debug|Any CPU = Debug|Any CPU
		Release|Any CPU = Release|Any CPU
	EndGlobalSection
	GlobalSection(ProjectConfigurationPlatforms) = postSolution
		{03AF6FCA-1CE5-4E4D-9281-6E328F3A7538}.Debug|Any CPU.ActiveCfg = Debug|Any CPU
		{03AF6FCA-1CE5-4E4D-9281-6E328F3A7538}.Debug|Any CPU.Build.0 = Debug|Any CPU
		{03AF6FCA-1CE5-4E4D-9281-6E328F3A7538}.Release|Any CPU.ActiveCfg = Release|Any CPU
		{03AF6FCA-1CE5-4E4D-9281-6E328F3A7538}.Release|Any CPU.Build.0 = Release|Any CPU
	EndGlobalSection
	GlobalSection(SolutionProperties) = preSolution
		HideSolutionNode = FALSE
	EndGlobalSection
	GlobalSection(ExtensibilityGlobals) = postSolution
		SolutionGuid = {3F1E9CA2-026D-45AC-8E93-3028CE7A7ED3}
	EndGlobalSection
EndGlobal
