
Microsoft Visual Studio Solution File, Format Version 12.00
# Visual Studio Version 16
VisualStudioVersion = 16.0.29230.47
MinimumVisualStudioVersion = 10.0.40219.1
Project("{FAE04EC0-301F-11D3-BF4B-00C04F79EFBC}") = "08.10.2019", "08.10.2019\08.10.2019.csproj", "{AECD285B-F7B3-4CBF-BDEB-19C8FEE9C702}"
EndProject
Global
	GlobalSection(SolutionConfigurationPlatforms) = preSolution
		Debug|Any CPU = Debug|Any CPU
		Release|Any CPU = Release|Any CPU
	EndGlobalSection
	GlobalSection(ProjectConfigurationPlatforms) = postSolution
		{AECD285B-F7B3-4CBF-BDEB-19C8FEE9C702}.Debug|Any CPU.ActiveCfg = Debug|Any CPU
		{AECD285B-F7B3-4CBF-BDEB-19C8FEE9C702}.Debug|Any CPU.Build.0 = Debug|Any CPU
		{AECD285B-F7B3-4CBF-BDEB-19C8FEE9C702}.Release|Any CPU.ActiveCfg = Release|Any CPU
		{AECD285B-F7B3-4CBF-BDEB-19C8FEE9C702}.Release|Any CPU.Build.0 = Release|Any CPU
	EndGlobalSection
	GlobalSection(SolutionProperties) = preSolution
		HideSolutionNode = FALSE
	EndGlobalSection
	GlobalSection(ExtensibilityGlobals) = postSolution
		SolutionGuid = {490CB808-0AC3-489B-BB30-B80A516905D1}
	EndGlobalSection
EndGlobal
