
Microsoft Visual Studio Solution File, Format Version 12.00
# Visual Studio Version 16
VisualStudioVersion = 16.0.29409.12
MinimumVisualStudioVersion = 10.0.40219.1
Project("{FAE04EC0-301F-11D3-BF4B-00C04F79EFBC}") = "17.10.2019", "17.10.2019\17.10.2019.csproj", "{23065E2F-0FB6-4CEC-AFE7-35CEBF90C3C0}"
EndProject
Global
	GlobalSection(SolutionConfigurationPlatforms) = preSolution
		Debug|Any CPU = Debug|Any CPU
		Release|Any CPU = Release|Any CPU
	EndGlobalSection
	GlobalSection(ProjectConfigurationPlatforms) = postSolution
		{23065E2F-0FB6-4CEC-AFE7-35CEBF90C3C0}.Debug|Any CPU.ActiveCfg = Debug|Any CPU
		{23065E2F-0FB6-4CEC-AFE7-35CEBF90C3C0}.Debug|Any CPU.Build.0 = Debug|Any CPU
		{23065E2F-0FB6-4CEC-AFE7-35CEBF90C3C0}.Release|Any CPU.ActiveCfg = Release|Any CPU
		{23065E2F-0FB6-4CEC-AFE7-35CEBF90C3C0}.Release|Any CPU.Build.0 = Release|Any CPU
	EndGlobalSection
	GlobalSection(SolutionProperties) = preSolution
		HideSolutionNode = FALSE
	EndGlobalSection
	GlobalSection(ExtensibilityGlobals) = postSolution
		SolutionGuid = {B40292F9-4F22-4D1B-8237-A12A4C4FB67C}
	EndGlobalSection
EndGlobal
