
Microsoft Visual Studio Solution File, Format Version 12.00
# Visual Studio Version 16
VisualStudioVersion = 16.0.29230.47
MinimumVisualStudioVersion = 10.0.40219.1
Project("{FAE04EC0-301F-11D3-BF4B-00C04F79EFBC}") = "26.09.2019", "26.09.2019\26.09.2019.csproj", "{B47624A5-A832-4034-98AB-C798C3112CB6}"
EndProject
Global
	GlobalSection(SolutionConfigurationPlatforms) = preSolution
		Debug|Any CPU = Debug|Any CPU
		Release|Any CPU = Release|Any CPU
	EndGlobalSection
	GlobalSection(ProjectConfigurationPlatforms) = postSolution
		{B47624A5-A832-4034-98AB-C798C3112CB6}.Debug|Any CPU.ActiveCfg = Debug|Any CPU
		{B47624A5-A832-4034-98AB-C798C3112CB6}.Debug|Any CPU.Build.0 = Debug|Any CPU
		{B47624A5-A832-4034-98AB-C798C3112CB6}.Release|Any CPU.ActiveCfg = Release|Any CPU
		{B47624A5-A832-4034-98AB-C798C3112CB6}.Release|Any CPU.Build.0 = Release|Any CPU
	EndGlobalSection
	GlobalSection(SolutionProperties) = preSolution
		HideSolutionNode = FALSE
	EndGlobalSection
	GlobalSection(ExtensibilityGlobals) = postSolution
		SolutionGuid = {7CD063FE-FF12-4238-95A5-5327A1025B77}
	EndGlobalSection
EndGlobal
