
Microsoft Visual Studio Solution File, Format Version 12.00
# Visual Studio Version 16
VisualStudioVersion = 16.0.29230.47
MinimumVisualStudioVersion = 10.0.40219.1
Project("{FAE04EC0-301F-11D3-BF4B-00C04F79EFBC}") = "30.09.2019", "30.09.2019\30.09.2019.csproj", "{7D96E3B0-B783-400C-8520-D94B8F8BECBA}"
EndProject
Global
	GlobalSection(SolutionConfigurationPlatforms) = preSolution
		Debug|Any CPU = Debug|Any CPU
		Release|Any CPU = Release|Any CPU
	EndGlobalSection
	GlobalSection(ProjectConfigurationPlatforms) = postSolution
		{7D96E3B0-B783-400C-8520-D94B8F8BECBA}.Debug|Any CPU.ActiveCfg = Debug|Any CPU
		{7D96E3B0-B783-400C-8520-D94B8F8BECBA}.Debug|Any CPU.Build.0 = Debug|Any CPU
		{7D96E3B0-B783-400C-8520-D94B8F8BECBA}.Release|Any CPU.ActiveCfg = Release|Any CPU
		{7D96E3B0-B783-400C-8520-D94B8F8BECBA}.Release|Any CPU.Build.0 = Release|Any CPU
	EndGlobalSection
	GlobalSection(SolutionProperties) = preSolution
		HideSolutionNode = FALSE
	EndGlobalSection
	GlobalSection(ExtensibilityGlobals) = postSolution
		SolutionGuid = {4DB29D9F-5B49-4CD3-8F70-42624EEE63F9}
	EndGlobalSection
EndGlobal
